
Microsoft Visual Studio Solution File, Format Version 12.00
# Visual Studio Version 16
VisualStudioVersion = 16.0.29424.173
MinimumVisualStudioVersion = 10.0.40219.1
Project("{FAE04EC0-301F-11D3-BF4B-00C04F79EFBC}") = "DBHandler", "DBHandler\DBHandler.csproj", "{903CFB81-3391-48FF-A0DD-C82394A96292}"
EndProject
Project("{FAE04EC0-301F-11D3-BF4B-00C04F79EFBC}") = "Tester", "Tester\Tester.csproj", "{EE90C38F-86FD-4F62-A1B6-F18586B70A40}"
EndProject
Project("{FAE04EC0-301F-11D3-BF4B-00C04F79EFBC}") = "WPF", "WPF\WPF.csproj", "{0CE6397D-7671-4976-B3CF-E4101D64A0D9}"
EndProject
Global
	GlobalSection(SolutionConfigurationPlatforms) = preSolution
		Debug|Any CPU = Debug|Any CPU
		Release|Any CPU = Release|Any CPU
	EndGlobalSection
	GlobalSection(ProjectConfigurationPlatforms) = postSolution
		{903CFB81-3391-48FF-A0DD-C82394A96292}.Debug|Any CPU.ActiveCfg = Debug|Any CPU
		{903CFB81-3391-48FF-A0DD-C82394A96292}.Debug|Any CPU.Build.0 = Debug|Any CPU
		{903CFB81-3391-48FF-A0DD-C82394A96292}.Release|Any CPU.ActiveCfg = Release|Any CPU
		{903CFB81-3391-48FF-A0DD-C82394A96292}.Release|Any CPU.Build.0 = Release|Any CPU
		{EE90C38F-86FD-4F62-A1B6-F18586B70A40}.Debug|Any CPU.ActiveCfg = Debug|Any CPU
		{EE90C38F-86FD-4F62-A1B6-F18586B70A40}.Debug|Any CPU.Build.0 = Debug|Any CPU
		{EE90C38F-86FD-4F62-A1B6-F18586B70A40}.Release|Any CPU.ActiveCfg = Release|Any CPU
		{EE90C38F-86FD-4F62-A1B6-F18586B70A40}.Release|Any CPU.Build.0 = Release|Any CPU
		{0CE6397D-7671-4976-B3CF-E4101D64A0D9}.Debug|Any CPU.ActiveCfg = Debug|Any CPU
		{0CE6397D-7671-4976-B3CF-E4101D64A0D9}.Debug|Any CPU.Build.0 = Debug|Any CPU
		{0CE6397D-7671-4976-B3CF-E4101D64A0D9}.Release|Any CPU.ActiveCfg = Release|Any CPU
		{0CE6397D-7671-4976-B3CF-E4101D64A0D9}.Release|Any CPU.Build.0 = Release|Any CPU
	EndGlobalSection
	GlobalSection(SolutionProperties) = preSolution
		HideSolutionNode = FALSE
	EndGlobalSection
	GlobalSection(ExtensibilityGlobals) = postSolution
		SolutionGuid = {915CE26A-1255-428F-98F8-3F6F35A2A428}
	EndGlobalSection
EndGlobal
